{
  "name": "miniprogram-ts-less-quickstart",
  "version": "1.0.0",
  "lockfileVersion": 1,
  "requires": true,
  "dependencies": {
    "@protobufjs/aspromise": {
      "version": "1.1.2",
      "resolved": "https://registry.nlark.com/@protobufjs/aspromise/download/@protobufjs/aspromise-1.1.2.tgz",
      "integrity": "sha1-m4sMxmPWaafY9vXQiToU00jzD78="
    },
    "@protobufjs/base64": {
      "version": "1.1.2",
      "resolved": "https://registry.nlark.com/@protobufjs/base64/download/@protobufjs/base64-1.1.2.tgz",
      "integrity": "sha1-TIVzDlm5ofHzSQR9vyQpYDS7JzU="
    },
    "@protobufjs/codegen": {
      "version": "2.0.4",
      "resolved": "https://registry.nlark.com/@protobufjs/codegen/download/@protobufjs/codegen-2.0.4.tgz",
      "integrity": "sha1-fvN/DQEPsCitGtWXIuUG2SYoFcs="
    },
    "@protobufjs/eventemitter": {
      "version": "1.1.0",
      "resolved": "https://registry.nlark.com/@protobufjs/eventemitter/download/@protobufjs/eventemitter-1.1.0.tgz",
      "integrity": "sha1-NVy8mLr61ZePntCV85diHx0Ga3A="
    },
    "@protobufjs/fetch": {
      "version": "1.1.0",
      "resolved": "https://registry.nlark.com/@protobufjs/fetch/download/@protobufjs/fetch-1.1.0.tgz",
      "integrity": "sha1-upn7WYYUr2VwDBYZ/wbUVLDYTEU=",
      "requires": {
        "@protobufjs/aspromise": "^1.1.1",
        "@protobufjs/inquire": "^1.1.0"
      }
    },
    "@protobufjs/float": {
      "version": "1.0.2",
      "resolved": "https://registry.nlark.com/@protobufjs/float/download/@protobufjs/float-1.0.2.tgz",
      "integrity": "sha1-Xp4avctz/Ap8uLKR33jIy9l7h9E="
    },
    "@protobufjs/inquire": {
      "version": "1.1.0",
      "resolved": "https://registry.nlark.com/@protobufjs/inquire/download/@protobufjs/inquire-1.1.0.tgz",
      "integrity": "sha1-/yAOPnzyQp4tyvwRQIKOjMY48Ik="
    },
    "@protobufjs/path": {
      "version": "1.1.2",
      "resolved": "https://registry.nlark.com/@protobufjs/path/download/@protobufjs/path-1.1.2.tgz",
      "integrity": "sha1-bMKyDFya1q0NzP0hynZz2Nf79o0="
    },
    "@protobufjs/pool": {
      "version": "1.1.0",
      "resolved": "https://registry.nlark.com/@protobufjs/pool/download/@protobufjs/pool-1.1.0.tgz",
      "integrity": "sha1-Cf0V8tbTq/qbZbw2ZQbWrXhG/1Q="
    },
    "@protobufjs/utf8": {
      "version": "1.1.0",
      "resolved": "https://registry.nlark.com/@protobufjs/utf8/download/@protobufjs/utf8-1.1.0.tgz",
      "integrity": "sha1-p3c2C1s5oaLlEG+OhY8v0tBgxXA="
    },
    "@types/long": {
      "version": "4.0.1",
      "resolved": "https://registry.npmmirror.com/@types/long/download/@types/long-4.0.1.tgz",
      "integrity": "sha1-RZxl+hhn2v5qjzIsTFFpVmPMVek="
    },
    "@types/node": {
      "version": "16.11.9",
      "resolved": "https://registry.npmmirror.com/@types/node/download/@types/node-16.11.9.tgz",
      "integrity": "sha512-MKmdASMf3LtPzwLyRrFjtFFZ48cMf8jmX5VRYrDQiJa8Ybu5VAmkqBWqKU8fdCwD8ysw4mQ9nrEHvzg6gunR7A=="
    },
    "camelcase": {
      "version": "6.2.1",
      "resolved": "https://registry.npmmirror.com/camelcase/download/camelcase-6.2.1.tgz?cache=0&sync_timestamp=1636945198738&other_urls=https%3A%2F%2Fregistry.npmmirror.com%2Fcamelcase%2Fdownload%2Fcamelcase-6.2.1.tgz",
      "integrity": "sha512-tVI4q5jjFV5CavAU8DXfza/TJcZutVKo/5Foskmsqcm0MsL91moHvwiGNnqaa2o6PF/7yT5ikDRcVcl8Rj6LCA=="
    },
    "camelcase-keys": {
      "version": "7.0.1",
      "resolved": "https://registry.npmmirror.com/camelcase-keys/download/camelcase-keys-7.0.1.tgz?cache=0&sync_timestamp=1633332938539&other_urls=https%3A%2F%2Fregistry.npmmirror.com%2Fcamelcase-keys%2Fdownload%2Fcamelcase-keys-7.0.1.tgz",
      "integrity": "sha1-Wlfm37P2x5KdrRVZnuRHan6aOy0=",
      "requires": {
        "camelcase": "^6.2.0",
        "map-obj": "^4.1.0",
        "quick-lru": "^5.1.1",
        "type-fest": "^1.2.1"
      }
    },
    "long": {
      "version": "4.0.0",
      "resolved": "https://registry.npmmirror.com/long/download/long-4.0.0.tgz",
      "integrity": "sha1-mntxz7fTYaGU6lVSQckvdGjVvyg="
    },
    "map-obj": {
      "version": "4.3.0",
      "resolved": "https://registry.npmmirror.com/map-obj/download/map-obj-4.3.0.tgz",
      "integrity": "sha1-kwT5Buk/qucIgNoQKp8d8OqLsFo="
    },
    "miniprogram-api-typings": {
      "version": "2.12.0",
      "resolved": "https://registry.npmmirror.com/miniprogram-api-typings/download/miniprogram-api-typings-2.12.0.tgz?cache=0&sync_timestamp=1635559997264&other_urls=https%3A%2F%2Fregistry.npmmirror.com%2Fminiprogram-api-typings%2Fdownload%2Fminiprogram-api-typings-2.12.0.tgz",
      "integrity": "sha1-einJDz5e+jZYhCLR8B4i0zlKqqE=",
      "dev": true
    },
    "protobufjs": {
      "version": "6.11.2",
      "resolved": "https://registry.nlark.com/protobufjs/download/protobufjs-6.11.2.tgz",
      "integrity": "sha1-3jn6vU7TK+qgjpux4w0IVEwe34s=",
      "requires": {
        "@protobufjs/aspromise": "^1.1.2",
        "@protobufjs/base64": "^1.1.2",
        "@protobufjs/codegen": "^2.0.4",
        "@protobufjs/eventemitter": "^1.1.0",
        "@protobufjs/fetch": "^1.1.0",
        "@protobufjs/float": "^1.0.2",
        "@protobufjs/inquire": "^1.1.0",
        "@protobufjs/path": "^1.1.2",
        "@protobufjs/pool": "^1.1.0",
        "@protobufjs/utf8": "^1.1.0",
        "@types/long": "^4.0.1",
        "@types/node": ">=13.7.0",
        "long": "^4.0.0"
      }
    },
    "quick-lru": {
      "version": "5.1.1",
      "resolved": "https://registry.npmmirror.com/quick-lru/download/quick-lru-5.1.1.tgz?cache=0&sync_timestamp=1637478663596&other_urls=https%3A%2F%2Fregistry.npmmirror.com%2Fquick-lru%2Fdownload%2Fquick-lru-5.1.1.tgz",
      "integrity": "sha1-NmST5rPkKjpoheLpnRj4D7eoyTI="
    },
    "tsc": {
      "version": "2.0.3",
      "resolved": "https://registry.nlark.com/tsc/download/tsc-2.0.3.tgz",
      "integrity": "sha1-A3/leeO9Z6XL2qYEtDxsGZGwS+8="
    },
    "type-fest": {
      "version": "1.4.0",
      "resolved": "https://registry.npmmirror.com/type-fest/download/type-fest-1.4.0.tgz?cache=0&sync_timestamp=1637149949006&other_urls=https%3A%2F%2Fregistry.npmmirror.com%2Ftype-fest%2Fdownload%2Ftype-fest-1.4.0.tgz",
      "integrity": "sha1-6fuBP+O/F0TsNZ1V0a/++nbxS+E="
    },
    "typescript": {
      "version": "3.9.10",
      "resolved": "https://registry.npmmirror.com/typescript/download/typescript-3.9.10.tgz",
      "integrity": "sha1-cPORCselHta+952ngAaQsZv3eLg=",
      "dev": true
    }
  }
}
